// !$*UTF8*$!
{
	archiveVersion = 1;
	classes = {
	};
	objectVersion = 50;
	objects = {

/* Begin PBXBuildFile section */
		574D3DF721C06C8E00D34C4B /* AppDelegate.swift in Sources */ = {isa = PBXBuildFile; fileRef = 574D3DF621C06C8E00D34C4B /* AppDelegate.swift */; };
		574D3DF921C06C8E00D34C4B /* ViewController.swift in Sources */ = {isa = PBXBuildFile; fileRef = 574D3DF821C06C8E00D34C4B /* ViewController.swift */; };
		574D3DFC21C06C8E00D34C4B /* Main.storyboard in Resources */ = {isa = PBXBuildFile; fileRef = 574D3DFA21C06C8E00D34C4B /* Main.storyboard */; };
		574D3DFE21C06C8E00D34C4B /* Assets.xcassets in Resources */ = {isa = PBXBuildFile; fileRef = 574D3DFD21C06C8E00D34C4B /* Assets.xcassets */; };
		574D3E0121C06C8E00D34C4B /* LaunchScreen.storyboard in Resources */ = {isa = PBXBuildFile; fileRef = 574D3DFF21C06C8E00D34C4B /* LaunchScreen.storyboard */; };
		574D3E0C21C06C8E00D34C4B /* GitXcodeTests.swift in Sources */ = {isa = PBXBuildFile; fileRef = 574D3E0B21C06C8E00D34C4B /* GitXcodeTests.swift */; };
		574D3E1721C06C8E00D34C4B /* GitXcodeUITests.swift in Sources */ = {isa = PBXBuildFile; fileRef = 574D3E1621C06C8E00D34C4B /* GitXcodeUITests.swift */; };
/* End PBXBuildFile section */

/* Begin PBXContainerItemProxy section */
		574D3E0821C06C8E00D34C4B /* PBXContainerItemProxy */ = {
			isa = PBXContainerItemProxy;
			containerPortal = 574D3DEB21C06C8E00D34C4B /* Project object */;
			proxyType = 1;
			remoteGlobalIDString = 574D3DF221C06C8E00D34C4B;
			remoteInfo = GitXcode;
		};
		574D3E1321C06C8E00D34C4B /* PBXContainerItemProxy */ = {
			isa = PBXContainerItemProxy;
			containerPortal = 574D3DEB21C06C8E00D34C4B /* Project object */;
			proxyType = 1;
			remoteGlobalIDString = 574D3DF221C06C8E00D34C4B;
			remoteInfo = GitXcode;
		};
/* End PBXContainerItemProxy section */

/* Begin PBXFileReference section */
		574D3DF321C06C8E00D34C4B /* GitXcode.app */ = {isa = PBXFileReference; explicitFileType = wrapper.application; includeInIndex = 0; path = GitXcode.app; sourceTree = BUILT_PRODUCTS_DIR; };
		574D3DF621C06C8E00D34C4B /* AppDelegate.swift */ = {isa = PBXFileReference; lastKnownFileType = sourcecode.swift; path = AppDelegate.swift; sourceTree = "<group>"; };
		574D3DF821C06C8E00D34C4B /* ViewController.swift */ = {isa = PBXFileReference; lastKnownFileType = sourcecode.swift; path = ViewController.swift; sourceTree = "<group>"; };
		574D3DFB21C06C8E00D34C4B /* Base */ = {isa = PBXFileReference; lastKnownFileType = file.storyboard; name = Base; path = Base.lproj/Main.storyboard; sourceTree = "<group>"; };
		574D3DFD21C06C8E00D34C4B /* Assets.xcassets */ = {isa = PBXFileReference; lastKnownFileType = folder.assetcatalog; path = Assets.xcassets; sourceTree = "<group>"; };
		574D3E0021C06C8E00D34C4B /* Base */ = {isa = PBXFileReference; lastKnownFileType = file.storyboard; name = Base; path = Base.lproj/LaunchScreen.storyboard; sourceTree = "<group>"; };
		574D3E0221C06C8E00D34C4B /* Info.plist */ = {isa = PBXFileReference; lastKnownFileType = text.plist.xml; path = Info.plist; sourceTree = "<group>"; };
		574D3E0721C06C8E00D34C4B /* GitXcodeTests.xctest */ = {isa = PBXFileReference; explicitFileType = wrapper.cfbundle; includeInIndex = 0; path = GitXcodeTests.xctest; sourceTree = BUILT_PRODUCTS_DIR; };
		574D3E0B21C06C8E00D34C4B /* GitXcodeTests.swift */ = {isa = PBXFileReference; lastKnownFileType = sourcecode.swift; path = GitXcodeTests.swift; sourceTree = "<group>"; };
		574D3E0D21C06C8E00D34C4B /* Info.plist */ = {isa = PBXFileReference; lastKnownFileType = text.plist.xml; path = Info.plist; sourceTree = "<group>"; };
		574D3E1221C06C8E00D34C4B /* GitXcodeUITests.xctest */ = {isa = PBXFileReference; explicitFileType = wrapper.cfbundle; includeInIndex = 0; path = GitXcodeUITests.xctest; sourceTree = BUILT_PRODUCTS_DIR; };
		574D3E1621C06C8E00D34C4B /* GitXcodeUITests.swift */ = {isa = PBXFileReference; lastKnownFileType = sourcecode.swift; path = GitXcodeUITests.swift; sourceTree = "<group>"; };
		574D3E1821C06C8E00D34C4B /* Info.plist */ = {isa = PBXFileReference; lastKnownFileType = text.plist.xml; path = Info.plist; sourceTree = "<group>"; };
/* End PBXFileReference section */

/* Begin PBXFrameworksBuildPhase section */
		574D3DF021C06C8E00D34C4B /* Frameworks */ = {
			isa = PBXFrameworksBuildPhase;
			buildActionMask = 2147483647;
			files = (
			);
			runOnlyForDeploymentPostprocessing = 0;
		};
		574D3E0421C06C8E00D34C4B /* Frameworks */ = {
			isa = PBXFrameworksBuildPhase;
			buildActionMask = 2147483647;
			files = (
			);
			runOnlyForDeploymentPostprocessing = 0;
		};
		574D3E0F21C06C8E00D34C4B /* Frameworks */ = {
			isa = PBXFrameworksBuildPhase;
			buildActionMask = 2147483647;
			files = (
			);
			runOnlyForDeploymentPostprocessing = 0;
		};
/* End PBXFrameworksBuildPhase section */

/* Begin PBXGroup section */
		574D3DEA21C06C8E00D34C4B = {
			isa = PBXGroup;
			children = (
				574D3DF521C06C8E00D34C4B /* GitXcode */,
				574D3E0A21C06C8E00D34C4B /* GitXcodeTests */,
				574D3E1521C06C8E00D34C4B /* GitXcodeUITests */,
				574D3DF421C06C8E00D34C4B /* Products */,
			);
			sourceTree = "<group>";
		};
		574D3DF421C06C8E00D34C4B /* Products */ = {
			isa = PBXGroup;
			children = (
				574D3DF321C06C8E00D34C4B /* GitXcode.app */,
				574D3E0721C06C8E00D34C4B /* GitXcodeTests.xctest */,
				574D3E1221C06C8E00D34C4B /* GitXcodeUITests.xctest */,
			);
			name = Products;
			sourceTree = "<group>";
		};
		574D3DF521C06C8E00D34C4B /* GitXcode */ = {
			isa = PBXGroup;
			children = (
				574D3DF621C06C8E00D34C4B /* AppDelegate.swift */,
				574D3DF821C06C8E00D34C4B /* ViewController.swift */,
				574D3DFA21C06C8E00D34C4B /* Main.storyboard */,
				574D3DFD21C06C8E00D34C4B /* Assets.xcassets */,
				574D3DFF21C06C8E00D34C4B /* LaunchScreen.storyboard */,
				574D3E0221C06C8E00D34C4B /* Info.plist */,
			);
			path = GitXcode;
			sourceTree = "<group>";
		};
		574D3E0A21C06C8E00D34C4B /* GitXcodeTests */ = {
			isa = PBXGroup;
			children = (
				574D3E0B21C06C8E00D34C4B /* GitXcodeTests.swift */,
				574D3E0D21C06C8E00D34C4B /* Info.plist */,
			);
			path = GitXcodeTests;
			sourceTree = "<group>";
		};
		574D3E1521C06C8E00D34C4B /* GitXcodeUITests */ = {
			isa = PBXGroup;
			children = (
				574D3E1621C06C8E00D34C4B /* GitXcodeUITests.swift */,
				574D3E1821C06C8E00D34C4B /* Info.plist */,
			);
			path = GitXcodeUITests;
			sourceTree = "<group>";
		};
/* End PBXGroup section */

/* Begin PBXNativeTarget section */
		574D3DF221C06C8E00D34C4B /* GitXcode */ = {
			isa = PBXNativeTarget;
			buildConfigurationList = 574D3E1B21C06C8E00D34C4B /* Build configuration list for PBXNativeTarget "GitXcode" */;
			buildPhases = (
				574D3DEF21C06C8E00D34C4B /* Sources */,
				574D3DF021C06C8E00D34C4B /* Frameworks */,
				574D3DF121C06C8E00D34C4B /* Resources */,
			);
			buildRules = (
			);
			dependencies = (
			);
			name = GitXcode;
			productName = GitXcode;
			productReference = 574D3DF321C06C8E00D34C4B /* GitXcode.app */;
			productType = "com.apple.product-type.application";
		};
		574D3E0621C06C8E00D34C4B /* GitXcodeTests */ = {
			isa = PBXNativeTarget;
			buildConfigurationList = 574D3E1E21C06C8E00D34C4B /* Build configuration list for PBXNativeTarget "GitXcodeTests" */;
			buildPhases = (
				574D3E0321C06C8E00D34C4B /* Sources */,
				574D3E0421C06C8E00D34C4B /* Frameworks */,
				574D3E0521C06C8E00D34C4B /* Resources */,
			);
			buildRules = (
			);
			dependencies = (
				574D3E0921C06C8E00D34C4B /* PBXTargetDependency */,
			);
			name = GitXcodeTests;
			productName = GitXcodeTests;
			productReference = 574D3E0721C06C8E00D34C4B /* GitXcodeTests.xctest */;
			productType = "com.apple.product-type.bundle.unit-test";
		};
		574D3E1121C06C8E00D34C4B /* GitXcodeUITests */ = {
			isa = PBXNativeTarget;
			buildConfigurationList = 574D3E2121C06C8E00D34C4B /* Build configuration list for PBXNativeTarget "GitXcodeUITests" */;
			buildPhases = (
				574D3E0E21C06C8E00D34C4B /* Sources */,
				574D3E0F21C06C8E00D34C4B /* Frameworks */,
				574D3E1021C06C8E00D34C4B /* Resources */,
			);
			buildRules = (
			);
			dependencies = (
				574D3E1421C06C8E00D34C4B /* PBXTargetDependency */,
			);
			name = GitXcodeUITests;
			productName = GitXcodeUITests;
			productReference = 574D3E1221C06C8E00D34C4B /* GitXcodeUITests.xctest */;
			productType = "com.apple.product-type.bundle.ui-testing";
		};
/* End PBXNativeTarget section */

/* Begin PBXProject section */
		574D3DEB21C06C8E00D34C4B /* Project object */ = {
			isa = PBXProject;
			attributes = {
				LastSwiftUpdateCheck = 1010;
				LastUpgradeCheck = 1010;
				ORGANIZATIONNAME = "Dan Brown";
				TargetAttributes = {
					574D3DF221C06C8E00D34C4B = {
						CreatedOnToolsVersion = 10.1;
					};
					574D3E0621C06C8E00D34C4B = {
						CreatedOnToolsVersion = 10.1;
						TestTargetID = 574D3DF221C06C8E00D34C4B;
					};
					574D3E1121C06C8E00D34C4B = {
						CreatedOnToolsVersion = 10.1;
						TestTargetID = 574D3DF221C06C8E00D34C4B;
					};
				};
			};
			buildConfigurationList = 574D3DEE21C06C8E00D34C4B /* Build configuration list for PBXProject "GitXcode" */;
			compatibilityVersion = "Xcode 9.3";
			developmentRegion = en;
			hasScannedForEncodings = 0;
			knownRegions = (
				en,
				Base,
			);
			mainGroup = 574D3DEA21C06C8E00D34C4B;
			productRefGroup = 574D3DF421C06C8E00D34C4B /* Products */;
			projectDirPath = "";
			projectRoot = "";
			targets = (
				574D3DF221C06C8E00D34C4B /* GitXcode */,
				574D3E0621C06C8E00D34C4B /* GitXcodeTests */,
				574D3E1121C06C8E00D34C4B /* GitXcodeUITests */,
			);
		};
/* End PBXProject section */

/* Begin PBXResourcesBuildPhase section */
		574D3DF121C06C8E00D34C4B /* Resources */ = {
			isa = PBXResourcesBuildPhase;
			buildActionMask = 2147483647;
			files = (
				574D3E0121C06C8E00D34C4B /* LaunchScreen.storyboard in Resources */,
				574D3DFE21C06C8E00D34C4B /* Assets.xcassets in Resources */,
				574D3DFC21C06C8E00D34C4B /* Main.storyboard in Resources */,
			);
			runOnlyForDeploymentPostprocessing = 0;
		};
		574D3E0521C06C8E00D34C4B /* Resources */ = {
			isa = PBXResourcesBuildPhase;
			buildActionMask = 2147483647;
			files = (
			);
			runOnlyForDeploymentPostprocessing = 0;
		};
		574D3E1021C06C8E00D34C4B /* Resources */ = {
			isa = PBXResourcesBuildPhase;
			buildActionMask = 2147483647;
			files = (
			);
			runOnlyForDeploymentPostprocessing = 0;
		};
/* End PBXResourcesBuildPhase section */

/* Begin PBXSourcesBuildPhase section */
		574D3DEF21C06C8E00D34C4B /* Sources */ = {
			isa = PBXSourcesBuildPhase;
			buildActionMask = 2147483647;
			files = (
				574D3DF921C06C8E00D34C4B /* ViewController.swift in Sources */,
				574D3DF721C06C8E00D34C4B /* AppDelegate.swift in Sources */,
			);
			runOnlyForDeploymentPostprocessing = 0;
		};
		574D3E0321C06C8E00D34C4B /* Sources */ = {
			isa = PBXSourcesBuildPhase;
			buildActionMask = 2147483647;
			files = (
				574D3E0C21C06C8E00D34C4B /* GitXcodeTests.swift in Sources */,
			);
			runOnlyForDeploymentPostprocessing = 0;
		};
		574D3E0E21C06C8E00D34C4B /* Sources */ = {
			isa = PBXSourcesBuildPhase;
			buildActionMask = 2147483647;
			files = (
				574D3E1721C06C8E00D34C4B /* GitXcodeUITests.swift in Sources */,
			);
			runOnlyForDeploymentPostprocessing = 0;
		};
/* End PBXSourcesBuildPhase section */

/* Begin PBXTargetDependency section */
		574D3E0921C06C8E00D34C4B /* PBXTargetDependency */ = {
			isa = PBXTargetDependency;
			target = 574D3DF221C06C8E00D34C4B /* GitXcode */;
			targetProxy = 574D3E0821C06C8E00D34C4B /* PBXContainerItemProxy */;
		};
		574D3E1421C06C8E00D34C4B /* PBXTargetDependency */ = {
			isa = PBXTargetDependency;
			target = 574D3DF221C06C8E00D34C4B /* GitXcode */;
			targetProxy = 574D3E1321C06C8E00D34C4B /* PBXContainerItemProxy */;
		};
/* End PBXTargetDependency section */

/* Begin PBXVariantGroup section */
		574D3DFA21C06C8E00D34C4B /* Main.storyboard */ = {
			isa = PBXVariantGroup;
			children = (
				574D3DFB21C06C8E00D34C4B /* Base */,
			);
			name = Main.storyboard;
			sourceTree = "<group>";
		};
		574D3DFF21C06C8E00D34C4B /* LaunchScreen.storyboard */ = {
			isa = PBXVariantGroup;
			children = (
				574D3E0021C06C8E00D34C4B /* Base */,
			);
			name = LaunchScreen.storyboard;
			sourceTree = "<group>";
		};
/* End PBXVariantGroup section */

/* Begin XCBuildConfiguration section */
		574D3E1921C06C8E00D34C4B /* Debug */ = {
			isa = XCBuildConfiguration;
			buildSettings = {
				ALWAYS_SEARCH_USER_PATHS = NO;
				CLANG_ANALYZER_NONNULL = YES;
				CLANG_ANALYZER_NUMBER_OBJECT_CONVERSION = YES_AGGRESSIVE;
				CLANG_CXX_LANGUAGE_STANDARD = "gnu++14";
				CLANG_CXX_LIBRARY = "libc++";
				CLANG_ENABLE_MODULES = YES;
				CLANG_ENABLE_OBJC_ARC = YES;
				CLANG_ENABLE_OBJC_WEAK = YES;
				CLANG_WARN_BLOCK_CAPTURE_AUTORELEASING = YES;
				CLANG_WARN_BOOL_CONVERSION = YES;
				CLANG_WARN_COMMA = YES;
				CLANG_WARN_CONSTANT_CONVERSION = YES;
				CLANG_WARN_DEPRECATED_OBJC_IMPLEMENTATIONS = YES;
				CLANG_WARN_DIRECT_OBJC_ISA_USAGE = YES_ERROR;
				CLANG_WARN_DOCUMENTATION_COMMENTS = YES;
				CLANG_WARN_EMPTY_BODY = YES;
				CLANG_WARN_ENUM_CONVERSION = YES;
				CLANG_WARN_INFINITE_RECURSION = YES;
				CLANG_WARN_INT_CONVERSION = YES;
				CLANG_WARN_NON_LITERAL_NULL_CONVERSION = YES;
				CLANG_WARN_OBJC_IMPLICIT_RETAIN_SELF = YES;
				CLANG_WARN_OBJC_LITERAL_CONVERSION = YES;
				CLANG_WARN_OBJC_ROOT_CLASS = YES_ERROR;
				CLANG_WARN_RANGE_LOOP_ANALYSIS = YES;
				CLANG_WARN_STRICT_PROTOTYPES = YES;
				CLANG_WARN_SUSPICIOUS_MOVE = YES;
				CLANG_WARN_UNGUARDED_AVAILABILITY = YES_AGGRESSIVE;
				CLANG_WARN_UNREACHABLE_CODE = YES;
				CLANG_WARN__DUPLICATE_METHOD_MATCH = YES;
				CODE_SIGN_IDENTITY = "iPhone Developer";
				COPY_PHASE_STRIP = NO;
				DEBUG_INFORMATION_FORMAT = dwarf;
				ENABLE_STRICT_OBJC_MSGSEND = YES;
				ENABLE_TESTABILITY = YES;
				GCC_C_LANGUAGE_STANDARD = gnu11;
				GCC_DYNAMIC_NO_PIC = NO;
				GCC_NO_COMMON_BLOCKS = YES;
				GCC_OPTIMIZATION_LEVEL = 0;
				GCC_PREPROCESSOR_DEFINITIONS = (
					"DEBUG=1",
					"$(inherited)",
				);
				GCC_WARN_64_TO_32_BIT_CONVERSION = YES;
				GCC_WARN_ABOUT_RETURN_TYPE = YES_ERROR;
				GCC_WARN_UNDECLARED_SELECTOR = YES;
				GCC_WARN_UNINITIALIZED_AUTOS = YES_AGGRESSIVE;
				GCC_WARN_UNUSED_FUNCTION = YES;
				GCC_WARN_UNUSED_VARIABLE = YES;
				IPHONEOS_DEPLOYMENT_TARGET = 12.1;
				MTL_ENABLE_DEBUG_INFO = INCLUDE_SOURCE;
				MTL_FAST_MATH = YES;
				ONLY_ACTIVE_ARCH = YES;
				SDKROOT = iphoneos;
				SWIFT_ACTIVE_COMPILATION_CONDITIONS = DEBUG;
				SWIFT_OPTIMIZATION_LEVEL = "-Onone";
			};
			name = Debug;
		};
		574D3E1A21C06C8E00D34C4B /* Release */ = {
			isa = XCBuildConfiguration;
			buildSettings = {
				ALWAYS_SEARCH_USER_PATHS = NO;
				CLANG_ANALYZER_NONNULL = YES;
				CLANG_ANALYZER_NUMBER_OBJECT_CONVERSION = YES_AGGRESSIVE;
				CLANG_CXX_LANGUAGE_STANDARD = "gnu++14";
				CLANG_CXX_LIBRARY = "libc++";
				CLANG_ENABLE_MODULES = YES;
				CLANG_ENABLE_OBJC_ARC = YES;
				CLANG_ENABLE_OBJC_WEAK = YES;
				CLANG_WARN_BLOCK_CAPTURE_AUTORELEASING = YES;
				CLANG_WARN_BOOL_CONVERSION = YES;
				CLANG_WARN_COMMA = YES;
				CLANG_WARN_CONSTANT_CONVERSION = YES;
				CLANG_WARN_DEPRECATED_OBJC_IMPLEMENTATIONS = YES;
				CLANG_WARN_DIRECT_OBJC_ISA_USAGE = YES_ERROR;
				CLANG_WARN_DOCUMENTATION_COMMENTS = YES;
				CLANG_WARN_EMPTY_BODY = YES;
				CLANG_WARN_ENUM_CONVERSION = YES;
				CLANG_WARN_INFINITE_RECURSION = YES;
				CLANG_WARN_INT_CONVERSION = YES;
				CLANG_WARN_NON_LITERAL_NULL_CONVERSION = YES;
				CLANG_WARN_OBJC_IMPLICIT_RETAIN_SELF = YES;
				CLANG_WARN_OBJC_LITERAL_CONVERSION = YES;
				CLANG_WARN_OBJC_ROOT_CLASS = YES_ERROR;
				CLANG_WARN_RANGE_LOOP_ANALYSIS = YES;
				CLANG_WARN_STRICT_PROTOTYPES = YES;
				CLANG_WARN_SUSPICIOUS_MOVE = YES;
				CLANG_WARN_UNGUARDED_AVAILABILITY = YES_AGGRESSIVE;
				CLANG_WARN_UNREACHABLE_CODE = YES;
				CLANG_WARN__DUPLICATE_METHOD_MATCH = YES;
				CODE_SIGN_IDENTITY = "iPhone Developer";
				COPY_PHASE_STRIP = NO;
				DEBUG_INFORMATION_FORMAT = "dwarf-with-dsym";
				ENABLE_NS_ASSERTIONS = NO;
				ENABLE_STRICT_OBJC_MSGSEND = YES;
				GCC_C_LANGUAGE_STANDARD = gnu11;
				GCC_NO_COMMON_BLOCKS = YES;
				GCC_WARN_64_TO_32_BIT_CONVERSION = YES;
				GCC_WARN_ABOUT_RETURN_TYPE = YES_ERROR;
				GCC_WARN_UNDECLARED_SELECTOR = YES;
				GCC_WARN_UNINITIALIZED_AUTOS = YES_AGGRESSIVE;
				GCC_WARN_UNUSED_FUNCTION = YES;
				GCC_WARN_UNUSED_VARIABLE = YES;
				IPHONEOS_DEPLOYMENT_TARGET = 12.1;
				MTL_ENABLE_DEBUG_INFO = NO;
				MTL_FAST_MATH = YES;
				SDKROOT = iphoneos;
				SWIFT_COMPILATION_MODE = wholemodule;
				SWIFT_OPTIMIZATION_LEVEL = "-O";
				VALIDATE_PRODUCT = YES;
			};
			name = Release;
		};
		574D3E1C21C06C8E00D34C4B /* Debug */ = {
			isa = XCBuildConfiguration;
			buildSettings = {
				ASSETCATALOG_COMPILER_APPICON_NAME = AppIcon;
				CODE_SIGN_STYLE = Automatic;
				DEVELOPMENT_TEAM = Y46Z49V54V;
				INFOPLIST_FILE = GitXcode/Info.plist;
				LD_RUNPATH_SEARCH_PATHS = (
					"$(inherited)",
					"@executable_path/Frameworks",
				);
				PRODUCT_BUNDLE_IDENTIFIER = TeenPros.GitXcode;
				PRODUCT_NAME = "$(TARGET_NAME)";
				SWIFT_VERSION = 4.2;
				TARGETED_DEVICE_FAMILY = "1,2";
			};
			name = Debug;
		};
		574D3E1D21C06C8E00D34C4B /* Release */ = {
			isa = XCBuildConfiguration;
			buildSettings = {
				ASSETCATALOG_COMPILER_APPICON_NAME = AppIcon;
				CODE_SIGN_STYLE = Automatic;
				DEVELOPMENT_TEAM = Y46Z49V54V;
				INFOPLIST_FILE = GitXcode/Info.plist;
				LD_RUNPATH_SEARCH_PATHS = (
					"$(inherited)",
					"@executable_path/Frameworks",
				);
				PRODUCT_BUNDLE_IDENTIFIER = TeenPros.GitXcode;
				PRODUCT_NAME = "$(TARGET_NAME)";
				SWIFT_VERSION = 4.2;
				TARGETED_DEVICE_FAMILY = "1,2";
			};
			name = Release;
		};
		574D3E1F21C06C8E00D34C4B /* Debug */ = {
			isa = XCBuildConfiguration;
			buildSettings = {
				ALWAYS_EMBED_SWIFT_STANDARD_LIBRARIES = YES;
				BUNDLE_LOADER = "$(TEST_HOST)";
				CODE_SIGN_STYLE = Automatic;
				DEVELOPMENT_TEAM = Y46Z49V54V;
				INFOPLIST_FILE = GitXcodeTests/Info.plist;
				LD_RUNPATH_SEARCH_PATHS = (
					"$(inherited)",
					"@executable_path/Frameworks",
					"@loader_path/Frameworks",
				);
				PRODUCT_BUNDLE_IDENTIFIER = TeenPros.GitXcodeTests;
				PRODUCT_NAME = "$(TARGET_NAME)";
				SWIFT_VERSION = 4.2;
				TARGETED_DEVICE_FAMILY = "1,2";
				TEST_HOST = "$(BUILT_PRODUCTS_DIR)/GitXcode.app/GitXcode";
			};
			name = Debug;
		};
		574D3E2021C06C8E00D34C4B /* Release */ = {
			isa = XCBuildConfiguration;
			buildSettings = {
				ALWAYS_EMBED_SWIFT_STANDARD_LIBRARIES = YES;
				BUNDLE_LOADER = "$(TEST_HOST)";
				CODE_SIGN_STYLE = Automatic;
				DEVELOPMENT_TEAM = Y46Z49V54V;
				INFOPLIST_FILE = GitXcodeTests/Info.plist;
				LD_RUNPATH_SEARCH_PATHS = (
					"$(inherited)",
					"@executable_path/Frameworks",
					"@loader_path/Frameworks",
				);
				PRODUCT_BUNDLE_IDENTIFIER = TeenPros.GitXcodeTests;
				PRODUCT_NAME = "$(TARGET_NAME)";
				SWIFT_VERSION = 4.2;
				TARGETED_DEVICE_FAMILY = "1,2";
				TEST_HOST = "$(BUILT_PRODUCTS_DIR)/GitXcode.app/GitXcode";
			};
			name = Release;
		};
		574D3E2221C06C8E00D34C4B /* Debug */ = {
			isa = XCBuildConfiguration;
			buildSettings = {
				ALWAYS_EMBED_SWIFT_STANDARD_LIBRARIES = YES;
				CODE_SIGN_STYLE = Automatic;
				DEVELOPMENT_TEAM = Y46Z49V54V;
				INFOPLIST_FILE = GitXcodeUITests/Info.plist;
				LD_RUNPATH_SEARCH_PATHS = (
					"$(inherited)",
					"@executable_path/Frameworks",
					"@loader_path/Frameworks",
				);
				PRODUCT_BUNDLE_IDENTIFIER = TeenPros.GitXcodeUITests;
				PRODUCT_NAME = "$(TARGET_NAME)";
				SWIFT_VERSION = 4.2;
				TARGETED_DEVICE_FAMILY = "1,2";
				TEST_TARGET_NAME = GitXcode;
			};
			name = Debug;
		};
		574D3E2321C06C8E00D34C4B /* Release */ = {
			isa = XCBuildConfiguration;
			buildSettings = {
				ALWAYS_EMBED_SWIFT_STANDARD_LIBRARIES = YES;
				CODE_SIGN_STYLE = Automatic;
				DEVELOPMENT_TEAM = Y46Z49V54V;
				INFOPLIST_FILE = GitXcodeUITests/Info.plist;
				LD_RUNPATH_SEARCH_PATHS = (
					"$(inherited)",
					"@executable_path/Frameworks",
					"@loader_path/Frameworks",
				);
				PRODUCT_BUNDLE_IDENTIFIER = TeenPros.GitXcodeUITests;
				PRODUCT_NAME = "$(TARGET_NAME)";
				SWIFT_VERSION = 4.2;
				TARGETED_DEVICE_FAMILY = "1,2";
				TEST_TARGET_NAME = GitXcode;
			};
			name = Release;
		};
/* End XCBuildConfiguration section */

/* Begin XCConfigurationList section */
		574D3DEE21C06C8E00D34C4B /* Build configuration list for PBXProject "GitXcode" */ = {
			isa = XCConfigurationList;
			buildConfigurations = (
				574D3E1921C06C8E00D34C4B /* Debug */,
				574D3E1A21C06C8E00D34C4B /* Release */,
			);
			defaultConfigurationIsVisible = 0;
			defaultConfigurationName = Release;
		};
		574D3E1B21C06C8E00D34C4B /* Build configuration list for PBXNativeTarget "GitXcode" */ = {
			isa = XCConfigurationList;
			buildConfigurations = (
				574D3E1C21C06C8E00D34C4B /* Debug */,
				574D3E1D21C06C8E00D34C4B /* Release */,
			);
			defaultConfigurationIsVisible = 0;
			defaultConfigurationName = Release;
		};
		574D3E1E21C06C8E00D34C4B /* Build configuration list for PBXNativeTarget "GitXcodeTests" */ = {
			isa = XCConfigurationList;
			buildConfigurations = (
				574D3E1F21C06C8E00D34C4B /* Debug */,
				574D3E2021C06C8E00D34C4B /* Release */,
			);
			defaultConfigurationIsVisible = 0;
			defaultConfigurationName = Release;
		};
		574D3E2121C06C8E00D34C4B /* Build configuration list for PBXNativeTarget "GitXcodeUITests" */ = {
			isa = XCConfigurationList;
			buildConfigurations = (
				574D3E2221C06C8E00D34C4B /* Debug */,
				574D3E2321C06C8E00D34C4B /* Release */,
			);
			defaultConfigurationIsVisible = 0;
			defaultConfigurationName = Release;
		};
/* End XCConfigurationList section */
	};
	rootObject = 574D3DEB21C06C8E00D34C4B /* Project object */;
}
